lockfileVersion: '9.0'

settings:
  autoInstallPeers: true
  excludeLinksFromLockfile: false

importers:

  .:
    dependencies:
      tiddlywiki:
        specifier: ^5.3.6
        version: 5.3.6

packages:

  tiddlywiki@5.3.6:
    resolution: {integrity: sha512-RfWt+Bo/UsTdzP5N4nEInjaJjgAzylUMf21hE4FL5v65c3x054+A+3g3sgW1m68lTJbTbiiqSZ6q6BEIZMwhSQ==}
    engines: {node: '>=0.8.2'}
    hasBin: true
    bundledDependencies: []

snapshots:

  tiddlywiki@5.3.6: {}
